
Microsoft Visual Studio Solution File, Format Version 12.00
# Visual Studio Version 17
VisualStudioVersion = 17.14.36202.13 d17.14
MinimumVisualStudioVersion = 10.0.40219.1
Project("{FAE04EC0-301F-11D3-BF4B-00C04F79EFBC}") = "DoctorsAppointmentGroupProject", "DoctorsAppointmentGroupProject\DoctorsAppointmentGroupProject.csproj", "{A87EF662-FA84-461C-96FD-94AAF6BF6039}"
EndProject
Global
	GlobalSection(SolutionConfigurationPlatforms) = preSolution
		Debug|Any CPU = Debug|Any CPU
		Release|Any CPU = Release|Any CPU
	EndGlobalSection
	GlobalSection(ProjectConfigurationPlatforms) = postSolution
		{A87EF662-FA84-461C-96FD-94AAF6BF6039}.Debug|Any CPU.ActiveCfg = Debug|Any CPU
		{A87EF662-FA84-461C-96FD-94AAF6BF6039}.Debug|Any CPU.Build.0 = Debug|Any CPU
		{A87EF662-FA84-461C-96FD-94AAF6BF6039}.Release|Any CPU.ActiveCfg = Release|Any CPU
		{A87EF662-FA84-461C-96FD-94AAF6BF6039}.Release|Any CPU.Build.0 = Release|Any CPU
	EndGlobalSection
	GlobalSection(SolutionProperties) = preSolution
		HideSolutionNode = FALSE
	EndGlobalSection
	GlobalSection(ExtensibilityGlobals) = postSolution
		SolutionGuid = {F33ACFD1-6BD4-4659-8F4A-E5D03DEAD660}
	EndGlobalSection
EndGlobal
